
Microsoft Visual Studio Solution File, Format Version 12.00
# Visual Studio Version 16
VisualStudioVersion = 16.0.29911.84
MinimumVisualStudioVersion = 10.0.40219.1
Project("{FAE04EC0-301F-11D3-BF4B-00C04F79EFBC}") = "Anagram_String_in_Another_String", "Anagram_String_in_Another_String\Anagram_String_in_Another_String.csproj", "{A5562D4B-D0AE-4462-9561-AB5ACE8C6E20}"
EndProject
Global
	GlobalSection(SolutionConfigurationPlatforms) = preSolution
		Debug|Any CPU = Debug|Any CPU
		Release|Any CPU = Release|Any CPU
	EndGlobalSection
	GlobalSection(ProjectConfigurationPlatforms) = postSolution
		{A5562D4B-D0AE-4462-9561-AB5ACE8C6E20}.Debug|Any CPU.ActiveCfg = Debug|Any CPU
		{A5562D4B-D0AE-4462-9561-AB5ACE8C6E20}.Debug|Any CPU.Build.0 = Debug|Any CPU
		{A5562D4B-D0AE-4462-9561-AB5ACE8C6E20}.Release|Any CPU.ActiveCfg = Release|Any CPU
		{A5562D4B-D0AE-4462-9561-AB5ACE8C6E20}.Release|Any CPU.Build.0 = Release|Any CPU
	EndGlobalSection
	GlobalSection(SolutionProperties) = preSolution
		HideSolutionNode = FALSE
	EndGlobalSection
	GlobalSection(ExtensibilityGlobals) = postSolution
		SolutionGuid = {F571E0D0-BBD1-4271-8394-7BE67C78A3D1}
	EndGlobalSection
EndGlobal
